
Microsoft Visual Studio Solution File, Format Version 12.00
# Visual Studio Version 17
VisualStudioVersion = 17.10.35013.160
MinimumVisualStudioVersion = 10.0.40219.1
Project("{9A19103F-16F7-4668-BE54-9A1E7A4F7556}") = "SkilljarApi", "src\SkilljarApi\SkilljarApi.csproj", "{5B037BAB-7EEF-4478-9097-24637F5583F5}"
EndProject
Project("{9A19103F-16F7-4668-BE54-9A1E7A4F7556}") = "SkilljarApi.Tests", "tests\SkilljarApi.Tests\SkilljarApi.Tests.csproj", "{206BB769-512A-40C2-8716-56D7F5887FBC}"
EndProject
Project("{FAE04EC0-301F-11D3-BF4B-00C04F79EFBC}") = "SkilljarApiUtil", "src\SkilljarApiUtil\SkilljarApiUtil.csproj", "{972E9D48-CB2C-4351-B2E0-11297AC6B145}"
EndProject
Project("{2150E333-8FDC-42A3-9474-1A3956D46DE8}") = "Solution Items", "Solution Items", "{574557AE-BD73-4821-A5CD-3A9F98D34BB6}"
	ProjectSection(SolutionItems) = preProject
		README.md = README.md
	EndProjectSection
EndProject
Global
	GlobalSection(SolutionConfigurationPlatforms) = preSolution
		Debug|Any CPU = Debug|Any CPU
		Release|Any CPU = Release|Any CPU
	EndGlobalSection
	GlobalSection(ProjectConfigurationPlatforms) = postSolution
		{5B037BAB-7EEF-4478-9097-24637F5583F5}.Debug|Any CPU.ActiveCfg = Debug|Any CPU
		{5B037BAB-7EEF-4478-9097-24637F5583F5}.Debug|Any CPU.Build.0 = Debug|Any CPU
		{5B037BAB-7EEF-4478-9097-24637F5583F5}.Release|Any CPU.ActiveCfg = Release|Any CPU
		{5B037BAB-7EEF-4478-9097-24637F5583F5}.Release|Any CPU.Build.0 = Release|Any CPU
		{206BB769-512A-40C2-8716-56D7F5887FBC}.Debug|Any CPU.ActiveCfg = Debug|Any CPU
		{206BB769-512A-40C2-8716-56D7F5887FBC}.Debug|Any CPU.Build.0 = Debug|Any CPU
		{206BB769-512A-40C2-8716-56D7F5887FBC}.Release|Any CPU.ActiveCfg = Release|Any CPU
		{206BB769-512A-40C2-8716-56D7F5887FBC}.Release|Any CPU.Build.0 = Release|Any CPU
		{972E9D48-CB2C-4351-B2E0-11297AC6B145}.Debug|Any CPU.ActiveCfg = Debug|Any CPU
		{972E9D48-CB2C-4351-B2E0-11297AC6B145}.Debug|Any CPU.Build.0 = Debug|Any CPU
		{972E9D48-CB2C-4351-B2E0-11297AC6B145}.Release|Any CPU.ActiveCfg = Release|Any CPU
		{972E9D48-CB2C-4351-B2E0-11297AC6B145}.Release|Any CPU.Build.0 = Release|Any CPU
	EndGlobalSection
	GlobalSection(SolutionProperties) = preSolution
		HideSolutionNode = FALSE
	EndGlobalSection
	GlobalSection(ExtensibilityGlobals) = postSolution
		SolutionGuid = {64D76A3F-9F40-4EAC-A98B-86FE07C204B1}
	EndGlobalSection
EndGlobal
