
Microsoft Visual Studio Solution File, Format Version 12.00
# Visual Studio Version 17
VisualStudioVersion = 17.10.35013.160
MinimumVisualStudioVersion = 10.0.40219.1
Project("{FAE04EC0-301F-11D3-BF4B-00C04F79EFBC}") = "SkilljarApi", "SkilljarApi\SkilljarApi.csproj", "{5B037BAB-7EEF-4478-9097-24637F5583F5}"
EndProject
Global
	GlobalSection(SolutionConfigurationPlatforms) = preSolution
		Debug|Any CPU = Debug|Any CPU
		Release|Any CPU = Release|Any CPU
	EndGlobalSection
	GlobalSection(ProjectConfigurationPlatforms) = postSolution
		{5B037BAB-7EEF-4478-9097-24637F5583F5}.Debug|Any CPU.ActiveCfg = Debug|Any CPU
		{5B037BAB-7EEF-4478-9097-24637F5583F5}.Debug|Any CPU.Build.0 = Debug|Any CPU
		{5B037BAB-7EEF-4478-9097-24637F5583F5}.Release|Any CPU.ActiveCfg = Release|Any CPU
		{5B037BAB-7EEF-4478-9097-24637F5583F5}.Release|Any CPU.Build.0 = Release|Any CPU
	EndGlobalSection
	GlobalSection(SolutionProperties) = preSolution
		HideSolutionNode = FALSE
	EndGlobalSection
	GlobalSection(ExtensibilityGlobals) = postSolution
		SolutionGuid = {64D76A3F-9F40-4EAC-A98B-86FE07C204B1}
	EndGlobalSection
EndGlobal
